
Microsoft Visual Studio Solution File, Format Version 12.00
# Visual Studio Version 17
VisualStudioVersion = 17.8.34408.163
MinimumVisualStudioVersion = 10.0.40219.1
Project("{2150E333-8FDC-42A3-9474-1A3956D46DE8}") = "Services", "Services", "{8226AC2E-80F8-4C5D-9D06-5B05F76B0343}"
EndProject
Project("{2150E333-8FDC-42A3-9474-1A3956D46DE8}") = "Catalog", "Catalog", "{4396584E-A576-4C9F-9653-7AEF242554CD}"
EndProject
Project("{9A19103F-16F7-4668-BE54-9A1E7A4F7556}") = "Catalog.API", "Services\Catalog\Catalog.API\Catalog.API.csproj", "{3C7CEE4D-8FC3-4C05-B025-06452E367EFB}"
EndProject
Project("{2150E333-8FDC-42A3-9474-1A3956D46DE8}") = "Solution Items", "Solution Items", "{F57376B7-ACEB-4B74-A822-5A1157F5A23C}"
	ProjectSection(SolutionItems) = preProject
		Informatii.txt = Informatii.txt
	EndProjectSection
EndProject
Global
	GlobalSection(SolutionConfigurationPlatforms) = preSolution
		Debug|Any CPU = Debug|Any CPU
		Release|Any CPU = Release|Any CPU
	EndGlobalSection
	GlobalSection(ProjectConfigurationPlatforms) = postSolution
		{3C7CEE4D-8FC3-4C05-B025-06452E367EFB}.Debug|Any CPU.ActiveCfg = Debug|Any CPU
		{3C7CEE4D-8FC3-4C05-B025-06452E367EFB}.Debug|Any CPU.Build.0 = Debug|Any CPU
		{3C7CEE4D-8FC3-4C05-B025-06452E367EFB}.Release|Any CPU.ActiveCfg = Release|Any CPU
		{3C7CEE4D-8FC3-4C05-B025-06452E367EFB}.Release|Any CPU.Build.0 = Release|Any CPU
	EndGlobalSection
	GlobalSection(SolutionProperties) = preSolution
		HideSolutionNode = FALSE
	EndGlobalSection
	GlobalSection(NestedProjects) = preSolution
		{4396584E-A576-4C9F-9653-7AEF242554CD} = {8226AC2E-80F8-4C5D-9D06-5B05F76B0343}
		{3C7CEE4D-8FC3-4C05-B025-06452E367EFB} = {4396584E-A576-4C9F-9653-7AEF242554CD}
	EndGlobalSection
	GlobalSection(ExtensibilityGlobals) = postSolution
		SolutionGuid = {3D82BEC7-FCEB-487A-B7F8-D7382AE455EE}
	EndGlobalSection
EndGlobal
